
Microsoft Visual Studio Solution File, Format Version 12.00
# Visual Studio Version 17
VisualStudioVersion = 17.0.31903.59
MinimumVisualStudioVersion = 10.0.40219.1
Project("{2150E333-8FDC-42A3-9474-1A3956D46DE8}") = "src", "src", "{A23FEB2E-C2C6-4C0E-A3FB-AC4BA6CAB361}"
EndProject
Project("{FAE04EC0-301F-11D3-BF4B-00C04F79EFBC}") = "OpenAIAssistantDotNet", "src\OpenAIAssistantDotNet\OpenAIAssistantDotNet.csproj", "{E57F5EFC-FFFD-4DD3-9E0A-994FBAEBF57F}"
EndProject
Project("{2150E333-8FDC-42A3-9474-1A3956D46DE8}") = "tests", "tests", "{D56AB128-A0B6-4842-BFCA-414FB9A33A47}"
EndProject
Project("{FAE04EC0-301F-11D3-BF4B-00C04F79EFBC}") = "OpenAIAssistantDotNet.Tests", "tests\OpenAIAssistantDotNet.Tests\OpenAIAssistantDotNet.Tests.csproj", "{498AEE26-C2A2-48EB-9CC1-B466F8F89B69}"
EndProject
Global
	GlobalSection(SolutionConfigurationPlatforms) = preSolution
		Debug|Any CPU = Debug|Any CPU
		Release|Any CPU = Release|Any CPU
	EndGlobalSection
	GlobalSection(SolutionProperties) = preSolution
		HideSolutionNode = FALSE
	EndGlobalSection
	GlobalSection(ProjectConfigurationPlatforms) = postSolution
		{E57F5EFC-FFFD-4DD3-9E0A-994FBAEBF57F}.Debug|Any CPU.ActiveCfg = Debug|Any CPU
		{E57F5EFC-FFFD-4DD3-9E0A-994FBAEBF57F}.Debug|Any CPU.Build.0 = Debug|Any CPU
		{E57F5EFC-FFFD-4DD3-9E0A-994FBAEBF57F}.Release|Any CPU.ActiveCfg = Release|Any CPU
		{E57F5EFC-FFFD-4DD3-9E0A-994FBAEBF57F}.Release|Any CPU.Build.0 = Release|Any CPU
		{498AEE26-C2A2-48EB-9CC1-B466F8F89B69}.Debug|Any CPU.ActiveCfg = Debug|Any CPU
		{498AEE26-C2A2-48EB-9CC1-B466F8F89B69}.Debug|Any CPU.Build.0 = Debug|Any CPU
		{498AEE26-C2A2-48EB-9CC1-B466F8F89B69}.Release|Any CPU.ActiveCfg = Release|Any CPU
		{498AEE26-C2A2-48EB-9CC1-B466F8F89B69}.Release|Any CPU.Build.0 = Release|Any CPU
	EndGlobalSection
	GlobalSection(NestedProjects) = preSolution
		{E57F5EFC-FFFD-4DD3-9E0A-994FBAEBF57F} = {A23FEB2E-C2C6-4C0E-A3FB-AC4BA6CAB361}
		{498AEE26-C2A2-48EB-9CC1-B466F8F89B69} = {D56AB128-A0B6-4842-BFCA-414FB9A33A47}
	EndGlobalSection
EndGlobal
